
Microsoft Visual Studio Solution File, Format Version 12.00
# Visual Studio 15
VisualStudioVersion = 15.0.27703.2042
MinimumVisualStudioVersion = 10.0.40219.1
Project("{9A19103F-16F7-4668-BE54-9A1E7A4F7556}") = "Clase5.Ej1", "Clase5\Clase5.Ej1.csproj", "{B3FF7EF3-1F33-41BE-BB88-7B4AAF1807A3}"
EndProject
Project("{FAE04EC0-301F-11D3-BF4B-00C04F79EFBC}") = "Clase5.Ej2", "Clase5.Ej2\Clase5.Ej2.csproj", "{3F962273-34A0-45EC-8854-7843D4C9D871}"
EndProject
Global
	GlobalSection(SolutionConfigurationPlatforms) = preSolution
		Debug|Any CPU = Debug|Any CPU
		Release|Any CPU = Release|Any CPU
	EndGlobalSection
	GlobalSection(ProjectConfigurationPlatforms) = postSolution
		{B3FF7EF3-1F33-41BE-BB88-7B4AAF1807A3}.Debug|Any CPU.ActiveCfg = Debug|Any CPU
		{B3FF7EF3-1F33-41BE-BB88-7B4AAF1807A3}.Debug|Any CPU.Build.0 = Debug|Any CPU
		{B3FF7EF3-1F33-41BE-BB88-7B4AAF1807A3}.Release|Any CPU.ActiveCfg = Release|Any CPU
		{B3FF7EF3-1F33-41BE-BB88-7B4AAF1807A3}.Release|Any CPU.Build.0 = Release|Any CPU
		{3F962273-34A0-45EC-8854-7843D4C9D871}.Debug|Any CPU.ActiveCfg = Debug|Any CPU
		{3F962273-34A0-45EC-8854-7843D4C9D871}.Debug|Any CPU.Build.0 = Debug|Any CPU
		{3F962273-34A0-45EC-8854-7843D4C9D871}.Release|Any CPU.ActiveCfg = Release|Any CPU
		{3F962273-34A0-45EC-8854-7843D4C9D871}.Release|Any CPU.Build.0 = Release|Any CPU
	EndGlobalSection
	GlobalSection(SolutionProperties) = preSolution
		HideSolutionNode = FALSE
	EndGlobalSection
	GlobalSection(ExtensibilityGlobals) = postSolution
		SolutionGuid = {8415218A-4301-41EC-9A83-A468511DC48A}
	EndGlobalSection
EndGlobal
